
Microsoft Visual Studio Solution File, Format Version 12.00
# Visual Studio Express 14 for Windows Desktop
VisualStudioVersion = 14.0.25420.1
MinimumVisualStudioVersion = 10.0.40219.1
Project("{FAE04EC0-301F-11D3-BF4B-00C04F79EFBC}") = "CocosCreatorPrefabCheckTool", "CocosCreatorPrefabCheckTool\CocosCreatorPrefabCheckTool.csproj", "{8401FAE0-E084-416F-8A2A-0EF82CEA6C9B}"
EndProject
Global
	GlobalSection(SolutionConfigurationPlatforms) = preSolution
		Debug|Any CPU = Debug|Any CPU
		Release|Any CPU = Release|Any CPU
	EndGlobalSection
	GlobalSection(ProjectConfigurationPlatforms) = postSolution
		{8401FAE0-E084-416F-8A2A-0EF82CEA6C9B}.Debug|Any CPU.ActiveCfg = Debug|Any CPU
		{8401FAE0-E084-416F-8A2A-0EF82CEA6C9B}.Debug|Any CPU.Build.0 = Debug|Any CPU
		{8401FAE0-E084-416F-8A2A-0EF82CEA6C9B}.Release|Any CPU.ActiveCfg = Release|Any CPU
		{8401FAE0-E084-416F-8A2A-0EF82CEA6C9B}.Release|Any CPU.Build.0 = Release|Any CPU
	EndGlobalSection
	GlobalSection(SolutionProperties) = preSolution
		HideSolutionNode = FALSE
	EndGlobalSection
EndGlobal
