
Microsoft Visual Studio Solution File, Format Version 12.00
# Visual Studio 2015
Project("{FAE04EC0-301F-11D3-BF4B-00C04F79EFBC}") = "Assembly-CSharp", "Assembly-CSharp.csproj", "{A01F104E-B60F-7EE5-0C06-408E1B4FF7CA}"
EndProject
Project("{FAE04EC0-301F-11D3-BF4B-00C04F79EFBC}") = "Assembly-CSharp-Editor", "Assembly-CSharp-Editor.csproj", "{C98217F2-BA9A-551A-D85E-B46C2EDD7185}"
EndProject
Global
	GlobalSection(SolutionConfigurationPlatforms) = preSolution
		Debug|Any CPU = Debug|Any CPU
		Release|Any CPU = Release|Any CPU
	EndGlobalSection
	GlobalSection(ProjectConfigurationPlatforms) = postSolution
		{A01F104E-B60F-7EE5-0C06-408E1B4FF7CA}.Debug|Any CPU.ActiveCfg = Debug|Any CPU
		{A01F104E-B60F-7EE5-0C06-408E1B4FF7CA}.Debug|Any CPU.Build.0 = Debug|Any CPU
		{A01F104E-B60F-7EE5-0C06-408E1B4FF7CA}.Release|Any CPU.ActiveCfg = Release|Any CPU
		{A01F104E-B60F-7EE5-0C06-408E1B4FF7CA}.Release|Any CPU.Build.0 = Release|Any CPU
		{C98217F2-BA9A-551A-D85E-B46C2EDD7185}.Debug|Any CPU.ActiveCfg = Debug|Any CPU
		{C98217F2-BA9A-551A-D85E-B46C2EDD7185}.Debug|Any CPU.Build.0 = Debug|Any CPU
		{C98217F2-BA9A-551A-D85E-B46C2EDD7185}.Release|Any CPU.ActiveCfg = Release|Any CPU
		{C98217F2-BA9A-551A-D85E-B46C2EDD7185}.Release|Any CPU.Build.0 = Release|Any CPU
	EndGlobalSection
	GlobalSection(SolutionProperties) = preSolution
		HideSolutionNode = FALSE
	EndGlobalSection
EndGlobal
