
Microsoft Visual Studio Solution File, Format Version 12.00
# Visual Studio 2015
Project("{FAE04EC0-301F-11D3-BF4B-00C04F79EFBC}") = "Assembly-CSharp", "Assembly-CSharp.csproj", "{B19CD5A9-F158-C870-482D-B2139C274224}"
EndProject
Project("{FAE04EC0-301F-11D3-BF4B-00C04F79EFBC}") = "Assembly-CSharp-Editor", "Assembly-CSharp-Editor.csproj", "{F9F3B535-AAE8-B5A3-4604-1B02542F8EDE}"
EndProject
Global
	GlobalSection(SolutionConfigurationPlatforms) = preSolution
		Debug|Any CPU = Debug|Any CPU
		Release|Any CPU = Release|Any CPU
	EndGlobalSection
	GlobalSection(ProjectConfigurationPlatforms) = postSolution
		{B19CD5A9-F158-C870-482D-B2139C274224}.Debug|Any CPU.ActiveCfg = Debug|Any CPU
		{B19CD5A9-F158-C870-482D-B2139C274224}.Debug|Any CPU.Build.0 = Debug|Any CPU
		{B19CD5A9-F158-C870-482D-B2139C274224}.Release|Any CPU.ActiveCfg = Release|Any CPU
		{B19CD5A9-F158-C870-482D-B2139C274224}.Release|Any CPU.Build.0 = Release|Any CPU
		{F9F3B535-AAE8-B5A3-4604-1B02542F8EDE}.Debug|Any CPU.ActiveCfg = Debug|Any CPU
		{F9F3B535-AAE8-B5A3-4604-1B02542F8EDE}.Debug|Any CPU.Build.0 = Debug|Any CPU
		{F9F3B535-AAE8-B5A3-4604-1B02542F8EDE}.Release|Any CPU.ActiveCfg = Release|Any CPU
		{F9F3B535-AAE8-B5A3-4604-1B02542F8EDE}.Release|Any CPU.Build.0 = Release|Any CPU
	EndGlobalSection
	GlobalSection(SolutionProperties) = preSolution
		HideSolutionNode = FALSE
	EndGlobalSection
EndGlobal
