
Microsoft Visual Studio Solution File, Format Version 12.00
# Visual Studio 15
VisualStudioVersion = 15.0.28307.539
MinimumVisualStudioVersion = 10.0.40219.1
Project("{FAE04EC0-301F-11D3-BF4B-00C04F79EFBC}") = "ExcelDataTransform", "ExcelDataTransform\ExcelDataTransform.csproj", "{81920AF1-B6E6-4799-8B1F-DBE990EE653E}"
EndProject
Global
	GlobalSection(SolutionConfigurationPlatforms) = preSolution
		Debug|Any CPU = Debug|Any CPU
		Release|Any CPU = Release|Any CPU
	EndGlobalSection
	GlobalSection(ProjectConfigurationPlatforms) = postSolution
		{81920AF1-B6E6-4799-8B1F-DBE990EE653E}.Debug|Any CPU.ActiveCfg = Debug|Any CPU
		{81920AF1-B6E6-4799-8B1F-DBE990EE653E}.Debug|Any CPU.Build.0 = Debug|Any CPU
		{81920AF1-B6E6-4799-8B1F-DBE990EE653E}.Release|Any CPU.ActiveCfg = Release|Any CPU
		{81920AF1-B6E6-4799-8B1F-DBE990EE653E}.Release|Any CPU.Build.0 = Release|Any CPU
	EndGlobalSection
	GlobalSection(SolutionProperties) = preSolution
		HideSolutionNode = FALSE
	EndGlobalSection
	GlobalSection(ExtensibilityGlobals) = postSolution
		SolutionGuid = {01E1047C-AAB7-4037-912F-3D14AAF80CF0}
	EndGlobalSection
EndGlobal
